{
  "name": "edgerecenttab",
  "lockfileVersion": 3,
  "requires": true,
  "packages": {
    "": {
      "dependencies": {
        "sharp": "^0.34.5"
      },
      "devDependencies": {
        "archiver": "^7.0.1"
      }
    },
    "node_modules/@emnapi/runtime": {
      "version": "1.8.1",
      "resolved": "http://registry.m.jd.com/@emnapi/runtime/download/@emnapi/runtime-1.8.1.tgz",
      "integrity": "sha1-VQ+n48DUnF+xdaEW6M1wYU+aIqU=",
      "license": "MIT",
      "optional": true,
      "dependencies": {
        "tslib": "^2.4.0"
      }
    },
    "node_modules/@img/colour": {
      "version": "1.0.0",
      "resolved": "http://registry.m.jd.com/@img/colour/download/@img/colour-1.0.0.tgz",
      "integrity": "sha1-0vq7IjRVp5O/O/nHDePShSaqgxE=",
      "license": "MIT",
      "engines": {
        "node": ">=18"
      }
    },
    "node_modules/@img/sharp-darwin-arm64": {
      "version": "0.34.5",
      "resolved": "http://registry.m.jd.com/@img/sharp-darwin-arm64/download/@img/sharp-darwin-arm64-0.34.5.tgz",
      "integrity": "sha1-bgcy3K3hJrZnCveqFwYLkmg16oY=",
      "cpu": [
        "arm64"
      ],
      "license": "Apache-2.0",
      "optional": true,
      "os": [
        "darwin"
      ],
      "engines": {
        "node": "^18.17.0 || ^20.3.0 || >=21.0.0"
      },
      "funding": {
        "url": "https://opencollective.com/libvips"
      },
      "optionalDependencies": {
        "@img/sharp-libvips-darwin-arm64": "1.2.4"
      }
    },
    "node_modules/@img/sharp-darwin-x64": {
      "version": "0.34.5",
      "resolved": "http://registry.m.jd.com/@img/sharp-darwin-x64/download/@img/sharp-darwin-x64-0.34.5.tgz",
      "integrity": "sha1-Gbwd1uum1alig0mLnJ9AEYDunHs=",
      "cpu": [
        "x64"
      ],
      "license": "Apache-2.0",
      "optional": true,
      "os": [
        "darwin"
      ],
      "engines": {
        "node": "^18.17.0 || ^20.3.0 || >=21.0.0"
      },
      "funding": {
        "url": "https://opencollective.com/libvips"
      },
      "optionalDependencies": {
        "@img/sharp-libvips-darwin-x64": "1.2.4"
      }
    },
    "node_modules/@img/sharp-libvips-darwin-arm64": {
      "version": "1.2.4",
      "resolved": "http://registry.m.jd.com/@img/sharp-libvips-darwin-arm64/download/@img/sharp-libvips-darwin-arm64-1.2.4.tgz",
      "integrity": "sha1-KJTAy4fUInbDiJlC6OLbUXpJLEM=",
      "cpu": [
        "arm64"
      ],
      "license": "LGPL-3.0-or-later",
      "optional": true,
      "os": [
        "darwin"
      ],
      "funding": {
        "url": "https://opencollective.com/libvips"
      }
    },
    "node_modules/@img/sharp-libvips-darwin-x64": {
      "version": "1.2.4",
      "resolved": "http://registry.m.jd.com/@img/sharp-libvips-darwin-x64/download/@img/sharp-libvips-darwin-x64-1.2.4.tgz",
      "integrity": "sha1-5jaB9FOalK+c0XJG7YiBc0OG+Mw=",
      "cpu": [
        "x64"
      ],
      "license": "LGPL-3.0-or-later",
      "optional": true,
      "os": [
        "darwin"
      ],
      "funding": {
        "url": "https://opencollective.com/libvips"
      }
    },
    "node_modules/@img/sharp-libvips-linux-arm": {
      "version": "1.2.4",
      "resolved": "http://registry.m.jd.com/@img/sharp-libvips-linux-arm/download/@img/sharp-libvips-linux-arm-1.2.4.tgz",
      "integrity": "sha1-uSYN0evm+eO9vL3KydKsEl81hS0=",
      "cpu": [
        "arm"
      ],
      "license": "LGPL-3.0-or-later",
      "optional": true,
      "os": [
        "linux"
      ],
      "funding": {
        "url": "https://opencollective.com/libvips"
      }
    },
    "node_modules/@img/sharp-libvips-linux-arm64": {
      "version": "1.2.4",
      "resolved": "http://registry.m.jd.com/@img/sharp-libvips-linux-arm64/download/@img/sharp-libvips-linux-arm64-1.2.4.tgz",
      "integrity": "sha1-sbKIs2hks7zlRa2R+m2tzxpK0xg=",
      "cpu": [
        "arm64"
      ],
      "license": "LGPL-3.0-or-later",
      "optional": true,
      "os": [
        "linux"
      ],
      "funding": {
        "url": "https://opencollective.com/libvips"
      }
    },
    "node_modules/@img/sharp-libvips-linux-ppc64": {
      "version": "1.2.4",
      "resolved": "http://registry.m.jd.com/@img/sharp-libvips-linux-ppc64/download/@img/sharp-libvips-linux-ppc64-1.2.4.tgz",
      "integrity": "sha1-S4Ps8qgpBXIis4hIx7Ai57TQeqc=",
      "cpu": [
        "ppc64"
      ],
      "license": "LGPL-3.0-or-later",
      "optional": true,
      "os": [
        "linux"
      ],
      "funding": {
        "url": "https://opencollective.com/libvips"
      }
    },
    "node_modules/@img/sharp-libvips-linux-riscv64": {
      "version": "1.2.4",
      "resolved": "http://registry.m.jd.com/@img/sharp-libvips-linux-riscv64/download/@img/sharp-libvips-linux-riscv64-1.2.4.tgz",
      "integrity": "sha1-iAtGeACeWiCArxkjMrALCq+KSN4=",
      "cpu": [
        "riscv64"
      ],
      "license": "LGPL-3.0-or-later",
      "optional": true,
      "os": [
        "linux"
      ],
      "funding": {
        "url": "https://opencollective.com/libvips"
      }
    },
    "node_modules/@img/sharp-libvips-linux-s390x": {
      "version": "1.2.4",
      "resolved": "http://registry.m.jd.com/@img/sharp-libvips-linux-s390x/download/@img/sharp-libvips-linux-s390x-1.2.4.tgz",
      "integrity": "sha1-dPNDyOEPrYIbOPdc7TBIiTncWew=",
      "cpu": [
        "s390x"
      ],
      "license": "LGPL-3.0-or-later",
      "optional": true,
      "os": [
        "linux"
      ],
      "funding": {
        "url": "https://opencollective.com/libvips"
      }
    },
    "node_modules/@img/sharp-libvips-linux-x64": {
      "version": "1.2.4",
      "resolved": "http://registry.m.jd.com/@img/sharp-libvips-linux-x64/download/@img/sharp-libvips-linux-x64-1.2.4.tgz",
      "integrity": "sha1-30GD6L2EEPfWG2aFmjXt6rClMc4=",
      "cpu": [
        "x64"
      ],
      "license": "LGPL-3.0-or-later",
      "optional": true,
      "os": [
        "linux"
      ],
      "funding": {
        "url": "https://opencollective.com/libvips"
      }
    },
    "node_modules/@img/sharp-libvips-linuxmusl-arm64": {
      "version": "1.2.4",
      "resolved": "http://registry.m.jd.com/@img/sharp-libvips-linuxmusl-arm64/download/@img/sharp-libvips-linuxmusl-arm64-1.2.4.tgz",
      "integrity": "sha1-yNa0ghHfZxN1QQB+6NG3sfjKjgY=",
      "cpu": [
        "arm64"
      ],
      "license": "LGPL-3.0-or-later",
      "optional": true,
      "os": [
        "linux"
      ],
      "funding": {
        "url": "https://opencollective.com/libvips"
      }
    },
    "node_modules/@img/sharp-libvips-linuxmusl-x64": {
      "version": "1.2.4",
      "resolved": "http://registry.m.jd.com/@img/sharp-libvips-linuxmusl-x64/download/@img/sharp-libvips-linuxmusl-x64-1.2.4.tgz",
      "integrity": "sha1-vhHHW+5bCAy+4xoVOod5RI+Rn3U=",
      "cpu": [
        "x64"
      ],
      "license": "LGPL-3.0-or-later",
      "optional": true,
      "os": [
        "linux"
      ],
      "funding": {
        "url": "https://opencollective.com/libvips"
      }
    },
    "node_modules/@img/sharp-linux-arm": {
      "version": "0.34.5",
      "resolved": "http://registry.m.jd.com/@img/sharp-linux-arm/download/@img/sharp-linux-arm-0.34.5.tgz",
      "integrity": "sha1-X7DDaV3RJSLTnD/3pryBZGF4Cg0=",
      "cpu": [
        "arm"
      ],
      "license": "Apache-2.0",
      "optional": true,
      "os": [
        "linux"
      ],
      "engines": {
        "node": "^18.17.0 || ^20.3.0 || >=21.0.0"
      },
      "funding": {
        "url": "https://opencollective.com/libvips"
      },
      "optionalDependencies": {
        "@img/sharp-libvips-linux-arm": "1.2.4"
      }
    },
    "node_modules/@img/sharp-linux-arm64": {
      "version": "0.34.5",
      "resolved": "http://registry.m.jd.com/@img/sharp-linux-arm64/download/@img/sharp-linux-arm64-0.34.5.tgz",
      "integrity": "sha1-eqd2TvnAAfFeYQVG1C/OVpEXkMw=",
      "cpu": [
        "arm64"
      ],
      "license": "Apache-2.0",
      "optional": true,
      "os": [
        "linux"
      ],
      "engines": {
        "node": "^18.17.0 || ^20.3.0 || >=21.0.0"
      },
      "funding": {
        "url": "https://opencollective.com/libvips"
      },
      "optionalDependencies": {
        "@img/sharp-libvips-linux-arm64": "1.2.4"
      }
    },
    "node_modules/@img/sharp-linux-ppc64": {
      "version": "0.34.5",
      "resolved": "http://registry.m.jd.com/@img/sharp-linux-ppc64/download/@img/sharp-linux-ppc64-0.34.5.tgz",
      "integrity": "sha1-nCE6gVIKIMr2aXjz1MB0Vv8uCBM=",
      "cpu": [
        "ppc64"
      ],
      "license": "Apache-2.0",
      "optional": true,
      "os": [
        "linux"
      ],
      "engines": {
        "node": "^18.17.0 || ^20.3.0 || >=21.0.0"
      },
      "funding": {
        "url": "https://opencollective.com/libvips"
      },
      "optionalDependencies": {
        "@img/sharp-libvips-linux-ppc64": "1.2.4"
      }
    },
    "node_modules/@img/sharp-linux-riscv64": {
      "version": "0.34.5",
      "resolved": "http://registry.m.jd.com/@img/sharp-linux-riscv64/download/@img/sharp-linux-riscv64-0.34.5.tgz",
      "integrity": "sha1-zdKBgndOrb4E9iZ1oWqrvMuDP2A=",
      "cpu": [
        "riscv64"
      ],
      "license": "Apache-2.0",
      "optional": true,
      "os": [
        "linux"
      ],
      "engines": {
        "node": "^18.17.0 || ^20.3.0 || >=21.0.0"
      },
      "funding": {
        "url": "https://opencollective.com/libvips"
      },
      "optionalDependencies": {
        "@img/sharp-libvips-linux-riscv64": "1.2.4"
      }
    },
    "node_modules/@img/sharp-linux-s390x": {
      "version": "0.34.5",
      "resolved": "http://registry.m.jd.com/@img/sharp-linux-s390x/download/@img/sharp-linux-s390x-0.34.5.tgz",
      "integrity": "sha1-k+rGAbnzKbsnkX4OGQmMci1jDfc=",
      "cpu": [
        "s390x"
      ],
      "license": "Apache-2.0",
      "optional": true,
      "os": [
        "linux"
      ],
      "engines": {
        "node": "^18.17.0 || ^20.3.0 || >=21.0.0"
      },
      "funding": {
        "url": "https://opencollective.com/libvips"
      },
      "optionalDependencies": {
        "@img/sharp-libvips-linux-s390x": "1.2.4"
      }
    },
    "node_modules/@img/sharp-linux-x64": {
      "version": "0.34.5",
      "resolved": "http://registry.m.jd.com/@img/sharp-linux-x64/download/@img/sharp-linux-x64-0.34.5.tgz",
      "integrity": "sha1-VavHzXVP/KUAK2wrcZq9/IRoGag=",
      "cpu": [
        "x64"
      ],
      "license": "Apache-2.0",
      "optional": true,
      "os": [
        "linux"
      ],
      "engines": {
        "node": "^18.17.0 || ^20.3.0 || >=21.0.0"
      },
      "funding": {
        "url": "https://opencollective.com/libvips"
      },
      "optionalDependencies": {
        "@img/sharp-libvips-linux-x64": "1.2.4"
      }
    },
    "node_modules/@img/sharp-linuxmusl-arm64": {
      "version": "0.34.5",
      "resolved": "http://registry.m.jd.com/@img/sharp-linuxmusl-arm64/download/@img/sharp-linuxmusl-arm64-0.34.5.tgz",
      "integrity": "sha1-1lFe6XG7YvcwAaSCm52GWhG3cIY=",
      "cpu": [
        "arm64"
      ],
      "license": "Apache-2.0",
      "optional": true,
      "os": [
        "linux"
      ],
      "engines": {
        "node": "^18.17.0 || ^20.3.0 || >=21.0.0"
      },
      "funding": {
        "url": "https://opencollective.com/libvips"
      },
      "optionalDependencies": {
        "@img/sharp-libvips-linuxmusl-arm64": "1.2.4"
      }
    },
    "node_modules/@img/sharp-linuxmusl-x64": {
      "version": "0.34.5",
      "resolved": "http://registry.m.jd.com/@img/sharp-linuxmusl-x64/download/@img/sharp-linuxmusl-x64-0.34.5.tgz",
      "integrity": "sha1-2Xl4rsfFIS+ZlxTy9bc2RX4S7p8=",
      "cpu": [
        "x64"
      ],
      "license": "Apache-2.0",
      "optional": true,
      "os": [
        "linux"
      ],
      "engines": {
        "node": "^18.17.0 || ^20.3.0 || >=21.0.0"
      },
      "funding": {
        "url": "https://opencollective.com/libvips"
      },
      "optionalDependencies": {
        "@img/sharp-libvips-linuxmusl-x64": "1.2.4"
      }
    },
    "node_modules/@img/sharp-wasm32": {
      "version": "0.34.5",
      "resolved": "http://registry.m.jd.com/@img/sharp-wasm32/download/@img/sharp-wasm32-0.34.5.tgz",
      "integrity": "sha1-LxWAOqYm+MWd18nQu8dm8atSz6A=",
      "cpu": [
        "wasm32"
      ],
      "license": "Apache-2.0 AND LGPL-3.0-or-later AND MIT",
      "optional": true,
      "dependencies": {
        "@emnapi/runtime": "^1.7.0"
      },
      "engines": {
        "node": "^18.17.0 || ^20.3.0 || >=21.0.0"
      },
      "funding": {
        "url": "https://opencollective.com/libvips"
      }
    },
    "node_modules/@img/sharp-win32-arm64": {
      "version": "0.34.5",
      "resolved": "http://registry.m.jd.com/@img/sharp-win32-arm64/download/@img/sharp-win32-arm64-0.34.5.tgz",
      "integrity": "sha1-Nwbp46w1/d/ByH+U6Enxt1MHzgo=",
      "cpu": [
        "arm64"
      ],
      "license": "Apache-2.0 AND LGPL-3.0-or-later",
      "optional": true,
      "os": [
        "win32"
      ],
      "engines": {
        "node": "^18.17.0 || ^20.3.0 || >=21.0.0"
      },
      "funding": {
        "url": "https://opencollective.com/libvips"
      }
    },
    "node_modules/@img/sharp-win32-ia32": {
      "version": "0.34.5",
      "resolved": "http://registry.m.jd.com/@img/sharp-win32-ia32/download/@img/sharp-win32-ia32-0.34.5.tgz",
      "integrity": "sha1-C3EWZZmwSeAy8IX7kmPgL05HiN4=",
      "cpu": [
        "ia32"
      ],
      "license": "Apache-2.0 AND LGPL-3.0-or-later",
      "optional": true,
      "os": [
        "win32"
      ],
      "engines": {
        "node": "^18.17.0 || ^20.3.0 || >=21.0.0"
      },
      "funding": {
        "url": "https://opencollective.com/libvips"
      }
    },
    "node_modules/@img/sharp-win32-x64": {
      "version": "0.34.5",
      "resolved": "http://registry.m.jd.com/@img/sharp-win32-x64/download/@img/sharp-win32-x64-0.34.5.tgz",
      "integrity": "sha1-qB/7AOaSZ80KHWJurtuKhDCysvg=",
      "cpu": [
        "x64"
      ],
      "license": "Apache-2.0 AND LGPL-3.0-or-later",
      "optional": true,
      "os": [
        "win32"
      ],
      "engines": {
        "node": "^18.17.0 || ^20.3.0 || >=21.0.0"
      },
      "funding": {
        "url": "https://opencollective.com/libvips"
      }
    },
    "node_modules/@isaacs/cliui": {
      "version": "8.0.2",
      "resolved": "http://registry.m.jd.com/@isaacs/cliui/download/@isaacs/cliui-8.0.2.tgz",
      "integrity": "sha1-s3Znt7wYHBaHgiWbq0JHT79StVA=",
      "dev": true,
      "license": "ISC",
      "dependencies": {
        "string-width": "^5.1.2",
        "string-width-cjs": "npm:string-width@^4.2.0",
        "strip-ansi": "^7.0.1",
        "strip-ansi-cjs": "npm:strip-ansi@^6.0.1",
        "wrap-ansi": "^8.1.0",
        "wrap-ansi-cjs": "npm:wrap-ansi@^7.0.0"
      },
      "engines": {
        "node": ">=12"
      }
    },
    "node_modules/@pkgjs/parseargs": {
      "version": "0.11.0",
      "resolved": "http://registry.m.jd.com/@pkgjs/parseargs/download/@pkgjs/parseargs-0.11.0.tgz",
      "integrity": "sha1-p36nQvqyV3UUVDTrHSMoz1ATrDM=",
      "dev": true,
      "license": "MIT",
      "optional": true,
      "engines": {
        "node": ">=14"
      }
    },
    "node_modules/abort-controller": {
      "version": "3.0.0",
      "resolved": "http://registry.m.jd.com/abort-controller/download/abort-controller-3.0.0.tgz",
      "integrity": "sha1-6vVNU7YrrkE46AnKIlyEOabvs5I=",
      "dev": true,
      "license": "MIT",
      "dependencies": {
        "event-target-shim": "^5.0.0"
      },
      "engines": {
        "node": ">=6.5"
      }
    },
    "node_modules/ansi-regex": {
      "version": "6.2.2",
      "resolved": "http://registry.m.jd.com/ansi-regex/download/ansi-regex-6.2.2.tgz",
      "integrity": "sha1-YCFu6kZNhkWXzigyAAc4oFiWUME=",
      "dev": true,
      "license": "MIT",
      "engines": {
        "node": ">=12"
      },
      "funding": {
        "url": "https://github.com/chalk/ansi-regex?sponsor=1"
      }
    },
    "node_modules/ansi-styles": {
      "version": "6.2.3",
      "resolved": "http://registry.m.jd.com/ansi-styles/download/ansi-styles-6.2.3.tgz",
      "integrity": "sha1-wETV3MUhoHZBNHJZehrLHxA8QEE=",
      "dev": true,
      "license": "MIT",
      "engines": {
        "node": ">=12"
      },
      "funding": {
        "url": "https://github.com/chalk/ansi-styles?sponsor=1"
      }
    },
    "node_modules/archiver": {
      "version": "7.0.1",
      "resolved": "http://registry.m.jd.com/archiver/download/archiver-7.0.1.tgz",
      "integrity": "sha1-ydkcNQNiBAuJJzeceqacBlUSL2E=",
      "dev": true,
      "license": "MIT",
      "dependencies": {
        "archiver-utils": "^5.0.2",
        "async": "^3.2.4",
        "buffer-crc32": "^1.0.0",
        "readable-stream": "^4.0.0",
        "readdir-glob": "^1.1.2",
        "tar-stream": "^3.0.0",
        "zip-stream": "^6.0.1"
      },
      "engines": {
        "node": ">= 14"
      }
    },
    "node_modules/archiver-utils": {
      "version": "5.0.2",
      "resolved": "http://registry.m.jd.com/archiver-utils/download/archiver-utils-5.0.2.tgz",
      "integrity": "sha1-Y7xxnZUYA+/HLPlhpW74EHYN0U0=",
      "dev": true,
      "license": "MIT",
      "dependencies": {
        "glob": "^10.0.0",
        "graceful-fs": "^4.2.0",
        "is-stream": "^2.0.1",
        "lazystream": "^1.0.0",
        "lodash": "^4.17.15",
        "normalize-path": "^3.0.0",
        "readable-stream": "^4.0.0"
      },
      "engines": {
        "node": ">= 14"
      }
    },
    "node_modules/async": {
      "version": "3.2.6",
      "resolved": "http://registry.m.jd.com/async/download/async-3.2.6.tgz",
      "integrity": "sha1-Gwco4Ukp1RuFtEm38G4nwRReOM4=",
      "dev": true,
      "license": "MIT"
    },
    "node_modules/b4a": {
      "version": "1.7.3",
      "resolved": "http://registry.m.jd.com/b4a/download/b4a-1.7.3.tgz",
      "integrity": "sha1-JM98zaKPVGW2auwrrGnjKAm/ES8=",
      "dev": true,
      "license": "Apache-2.0",
      "peerDependencies": {
        "react-native-b4a": "*"
      },
      "peerDependenciesMeta": {
        "react-native-b4a": {
          "optional": true
        }
      }
    },
    "node_modules/balanced-match": {
      "version": "1.0.2",
      "resolved": "http://registry.m.jd.com/balanced-match/download/balanced-match-1.0.2.tgz",
      "integrity": "sha1-6D46fj8wCzTLnYf2FfoMvzV2kO4=",
      "dev": true,
      "license": "MIT"
    },
    "node_modules/bare-events": {
      "version": "2.8.2",
      "resolved": "http://registry.m.jd.com/bare-events/download/bare-events-2.8.2.tgz",
      "integrity": "sha1-ez4QvY4fyA2vOLtRaSFnj1ZquJ8=",
      "dev": true,
      "license": "Apache-2.0",
      "peerDependencies": {
        "bare-abort-controller": "*"
      },
      "peerDependenciesMeta": {
        "bare-abort-controller": {
          "optional": true
        }
      }
    },
    "node_modules/base64-js": {
      "version": "1.5.1",
      "resolved": "http://registry.m.jd.com/base64-js/download/base64-js-1.5.1.tgz",
      "integrity": "sha1-GxtEAWClv3rUC2UPCVljSBkDkwo=",
      "dev": true,
      "funding": [
        {
          "type": "github",
          "url": "https://github.com/sponsors/feross"
        },
        {
          "type": "patreon",
          "url": "https://www.patreon.com/feross"
        },
        {
          "type": "consulting",
          "url": "https://feross.org/support"
        }
      ],
      "license": "MIT"
    },
    "node_modules/brace-expansion": {
      "version": "2.0.2",
      "resolved": "http://registry.m.jd.com/brace-expansion/download/brace-expansion-2.0.2.tgz",
      "integrity": "sha1-VPxTI3phPYVMe9N0Y6rRffhyFOc=",
      "dev": true,
      "license": "MIT",
      "dependencies": {
        "balanced-match": "^1.0.0"
      }
    },
    "node_modules/buffer": {
      "version": "6.0.3",
      "resolved": "http://registry.m.jd.com/buffer/download/buffer-6.0.3.tgz",
      "integrity": "sha1-Ks5XhFnMj74qcKqo9S7mO2p0xsY=",
      "dev": true,
      "funding": [
        {
          "type": "github",
          "url": "https://github.com/sponsors/feross"
        },
        {
          "type": "patreon",
          "url": "https://www.patreon.com/feross"
        },
        {
          "type": "consulting",
          "url": "https://feross.org/support"
        }
      ],
      "license": "MIT",
      "dependencies": {
        "base64-js": "^1.3.1",
        "ieee754": "^1.2.1"
      }
    },
    "node_modules/buffer-crc32": {
      "version": "1.0.0",
      "resolved": "http://registry.m.jd.com/buffer-crc32/download/buffer-crc32-1.0.0.tgz",
      "integrity": "sha1-oQmTuQVQgdVTBL2f60oHLeF59AU=",
      "dev": true,
      "license": "MIT",
      "engines": {
        "node": ">=8.0.0"
      }
    },
    "node_modules/color-convert": {
      "version": "2.0.1",
      "resolved": "http://registry.m.jd.com/color-convert/download/color-convert-2.0.1.tgz",
      "integrity": "sha1-ctOmjVmMm9s68q0ehPIdiWq9TeM=",
      "dev": true,
      "license": "MIT",
      "dependencies": {
        "color-name": "~1.1.4"
      },
      "engines": {
        "node": ">=7.0.0"
      }
    },
    "node_modules/color-name": {
      "version": "1.1.4",
      "resolved": "http://registry.m.jd.com/color-name/download/color-name-1.1.4.tgz",
      "integrity": "sha1-wqCah6y95pVD3m9j+jmVyCbFNqI=",
      "dev": true,
      "license": "MIT"
    },
    "node_modules/compress-commons": {
      "version": "6.0.2",
      "resolved": "http://registry.m.jd.com/compress-commons/download/compress-commons-6.0.2.tgz",
      "integrity": "sha1-JtMSUaZrnWuiOoQGTs06anHSYJ4=",
      "dev": true,
      "license": "MIT",
      "dependencies": {
        "crc-32": "^1.2.0",
        "crc32-stream": "^6.0.0",
        "is-stream": "^2.0.1",
        "normalize-path": "^3.0.0",
        "readable-stream": "^4.0.0"
      },
      "engines": {
        "node": ">= 14"
      }
    },
    "node_modules/core-util-is": {
      "version": "1.0.3",
      "resolved": "http://registry.m.jd.com/core-util-is/download/core-util-is-1.0.3.tgz",
      "integrity": "sha1-pgQtNjTCsn6TKPg3uWX6yDgI24U=",
      "dev": true,
      "license": "MIT"
    },
    "node_modules/crc-32": {
      "version": "1.2.2",
      "resolved": "http://registry.m.jd.com/crc-32/download/crc-32-1.2.2.tgz",
      "integrity": "sha1-PK01qTS4v3HyXKUkttpR+36s4v8=",
      "dev": true,
      "license": "Apache-2.0",
      "bin": {
        "crc32": "bin/crc32.njs"
      },
      "engines": {
        "node": ">=0.8"
      }
    },
    "node_modules/crc32-stream": {
      "version": "6.0.0",
      "resolved": "http://registry.m.jd.com/crc32-stream/download/crc32-stream-6.0.0.tgz",
      "integrity": "sha1-hSmjho+LJ6u5FfbDYXwPre2/lDA=",
      "dev": true,
      "license": "MIT",
      "dependencies": {
        "crc-32": "^1.2.0",
        "readable-stream": "^4.0.0"
      },
      "engines": {
        "node": ">= 14"
      }
    },
    "node_modules/cross-spawn": {
      "version": "7.0.6",
      "resolved": "http://registry.m.jd.com/cross-spawn/download/cross-spawn-7.0.6.tgz",
      "integrity": "sha1-ilj+ePANzXDDcEUXWd+/rwPo7p8=",
      "dev": true,
      "license": "MIT",
      "dependencies": {
        "path-key": "^3.1.0",
        "shebang-command": "^2.0.0",
        "which": "^2.0.1"
      },
      "engines": {
        "node": ">= 8"
      }
    },
    "node_modules/detect-libc": {
      "version": "2.1.2",
      "resolved": "http://registry.m.jd.com/detect-libc/download/detect-libc-2.1.2.tgz",
      "integrity": "sha1-aJxdzcGQDvVYOky59te0c3QgdK0=",
      "license": "Apache-2.0",
      "engines": {
        "node": ">=8"
      }
    },
    "node_modules/eastasianwidth": {
      "version": "0.2.0",
      "resolved": "http://registry.m.jd.com/eastasianwidth/download/eastasianwidth-0.2.0.tgz",
      "integrity": "sha1-aWzi7Aqg5uqTo5f/zySqeEDIJ8s=",
      "dev": true,
      "license": "MIT"
    },
    "node_modules/emoji-regex": {
      "version": "9.2.2",
      "resolved": "http://registry.m.jd.com/emoji-regex/download/emoji-regex-9.2.2.tgz",
      "integrity": "sha1-hAyIA7DYBH9P8M+WMXazLU7z7XI=",
      "dev": true,
      "license": "MIT"
    },
    "node_modules/event-target-shim": {
      "version": "5.0.1",
      "resolved": "http://registry.m.jd.com/event-target-shim/download/event-target-shim-5.0.1.tgz",
      "integrity": "sha1-XU0+vflYPWOlMzzi3rdICrKwV4k=",
      "dev": true,
      "license": "MIT",
      "engines": {
        "node": ">=6"
      }
    },
    "node_modules/events": {
      "version": "3.3.0",
      "resolved": "http://registry.m.jd.com/events/download/events-3.3.0.tgz",
      "integrity": "sha1-Mala0Kkk4tLEGagTrrLE6HjqdAA=",
      "dev": true,
      "license": "MIT",
      "engines": {
        "node": ">=0.8.x"
      }
    },
    "node_modules/events-universal": {
      "version": "1.0.1",
      "resolved": "http://registry.m.jd.com/events-universal/download/events-universal-1.0.1.tgz",
      "integrity": "sha1-tWqE/WEbZhDgotDwn4D9+THi3+Y=",
      "dev": true,
      "license": "Apache-2.0",
      "dependencies": {
        "bare-events": "^2.7.0"
      }
    },
    "node_modules/fast-fifo": {
      "version": "1.3.2",
      "resolved": "http://registry.m.jd.com/fast-fifo/download/fast-fifo-1.3.2.tgz",
      "integrity": "sha1-KG4x3pbrltOKl4mYFXQLoqTzZAw=",
      "dev": true,
      "license": "MIT"
    },
    "node_modules/foreground-child": {
      "version": "3.3.1",
      "resolved": "http://registry.m.jd.com/foreground-child/download/foreground-child-3.3.1.tgz",
      "integrity": "sha1-Mujp7Rtoo0l777msK2rfkqY4V28=",
      "dev": true,
      "license": "ISC",
      "dependencies": {
        "cross-spawn": "^7.0.6",
        "signal-exit": "^4.0.1"
      },
      "engines": {
        "node": ">=14"
      },
      "funding": {
        "url": "https://github.com/sponsors/isaacs"
      }
    },
    "node_modules/glob": {
      "version": "10.4.5",
      "resolved": "http://registry.m.jd.com/glob/download/glob-10.4.5.tgz",
      "integrity": "sha1-9NnwuQ/9urCcnXf18ptCYlF7CVY=",
      "dev": true,
      "license": "ISC",
      "dependencies": {
        "foreground-child": "^3.1.0",
        "jackspeak": "^3.1.2",
        "minimatch": "^9.0.4",
        "minipass": "^7.1.2",
        "package-json-from-dist": "^1.0.0",
        "path-scurry": "^1.11.1"
      },
      "bin": {
        "glob": "dist/esm/bin.mjs"
      },
      "funding": {
        "url": "https://github.com/sponsors/isaacs"
      }
    },
    "node_modules/graceful-fs": {
      "version": "4.2.11",
      "resolved": "http://registry.m.jd.com/graceful-fs/download/graceful-fs-4.2.11.tgz",
      "integrity": "sha1-QYPk6L8Iu24Fu7L30uDI9xLKQOM=",
      "dev": true,
      "license": "ISC"
    },
    "node_modules/ieee754": {
      "version": "1.2.1",
      "resolved": "http://registry.m.jd.com/ieee754/download/ieee754-1.2.1.tgz",
      "integrity": "sha1-jrehCmP/8l0VpXsAFYbRd9Gw01I=",
      "dev": true,
      "funding": [
        {
          "type": "github",
          "url": "https://github.com/sponsors/feross"
        },
        {
          "type": "patreon",
          "url": "https://www.patreon.com/feross"
        },
        {
          "type": "consulting",
          "url": "https://feross.org/support"
        }
      ],
      "license": "BSD-3-Clause"
    },
    "node_modules/inherits": {
      "version": "2.0.4",
      "resolved": "http://registry.m.jd.com/inherits/download/inherits-2.0.4.tgz",
      "integrity": "sha1-D6LGT5MpF8NDOg3tVTY6rjdBa3w=",
      "dev": true,
      "license": "ISC"
    },
    "node_modules/is-fullwidth-code-point": {
      "version": "3.0.0",
      "resolved": "http://registry.m.jd.com/is-fullwidth-code-point/download/is-fullwidth-code-point-3.0.0.tgz",
      "integrity": "sha1-8Rb4Bk/pCz94RKOJl8C3UFEmnx0=",
      "dev": true,
      "license": "MIT",
      "engines": {
        "node": ">=8"
      }
    },
    "node_modules/is-stream": {
      "version": "2.0.1",
      "resolved": "http://registry.m.jd.com/is-stream/download/is-stream-2.0.1.tgz",
      "integrity": "sha1-+sHj1TuXrVqdCunO8jifWBClwHc=",
      "dev": true,
      "license": "MIT",
      "engines": {
        "node": ">=8"
      },
      "funding": {
        "url": "https://github.com/sponsors/sindresorhus"
      }
    },
    "node_modules/isarray": {
      "version": "1.0.0",
      "resolved": "http://registry.m.jd.com/isarray/download/isarray-1.0.0.tgz",
      "integrity": "sha1-u5NdSFgsuhaMBoNJV6VKPgcSTxE=",
      "dev": true,
      "license": "MIT"
    },
    "node_modules/isexe": {
      "version": "2.0.0",
      "resolved": "http://registry.m.jd.com/isexe/download/isexe-2.0.0.tgz",
      "integrity": "sha1-6PvzdNxVb/iUehDcsFctYz8s+hA=",
      "dev": true,
      "license": "ISC"
    },
    "node_modules/jackspeak": {
      "version": "3.4.3",
      "resolved": "http://registry.m.jd.com/jackspeak/download/jackspeak-3.4.3.tgz",
      "integrity": "sha1-iDOp2Jq0rN5hiJQr0cU7Y5DtWoo=",
      "dev": true,
      "license": "BlueOak-1.0.0",
      "dependencies": {
        "@isaacs/cliui": "^8.0.2"
      },
      "funding": {
        "url": "https://github.com/sponsors/isaacs"
      },
      "optionalDependencies": {
        "@pkgjs/parseargs": "^0.11.0"
      }
    },
    "node_modules/lazystream": {
      "version": "1.0.1",
      "resolved": "http://registry.m.jd.com/lazystream/download/lazystream-1.0.1.tgz",
      "integrity": "sha1-SUyDEGLx+UCCUexE2xy6KSQqJjg=",
      "dev": true,
      "license": "MIT",
      "dependencies": {
        "readable-stream": "^2.0.5"
      },
      "engines": {
        "node": ">= 0.6.3"
      }
    },
    "node_modules/lazystream/node_modules/readable-stream": {
      "version": "2.3.8",
      "resolved": "http://registry.m.jd.com/readable-stream/download/readable-stream-2.3.8.tgz",
      "integrity": "sha1-kRJegEK7obmIf0k0X2J3Anzovps=",
      "dev": true,
      "license": "MIT",
      "dependencies": {
        "core-util-is": "~1.0.0",
        "inherits": "~2.0.3",
        "isarray": "~1.0.0",
        "process-nextick-args": "~2.0.0",
        "safe-buffer": "~5.1.1",
        "string_decoder": "~1.1.1",
        "util-deprecate": "~1.0.1"
      }
    },
    "node_modules/lazystream/node_modules/safe-buffer": {
      "version": "5.1.2",
      "resolved": "http://registry.m.jd.com/safe-buffer/download/safe-buffer-5.1.2.tgz",
      "integrity": "sha1-mR7GnSluAxN0fVm9/St0XDX4go0=",
      "dev": true,
      "license": "MIT"
    },
    "node_modules/lazystream/node_modules/string_decoder": {
      "version": "1.1.1",
      "resolved": "http://registry.m.jd.com/string_decoder/download/string_decoder-1.1.1.tgz",
      "integrity": "sha1-nPFhG6YmhdcDCunkujQUnDrwP8g=",
      "dev": true,
      "license": "MIT",
      "dependencies": {
        "safe-buffer": "~5.1.0"
      }
    },
    "node_modules/lodash": {
      "version": "4.17.23",
      "resolved": "http://registry.m.jd.com/lodash/download/lodash-4.17.23.tgz",
      "integrity": "sha1-8ROwN4OGEDvk9okziMc9C95/LFo=",
      "dev": true,
      "license": "MIT"
    },
    "node_modules/lru-cache": {
      "version": "10.4.3",
      "resolved": "http://registry.m.jd.com/lru-cache/download/lru-cache-10.4.3.tgz",
      "integrity": "sha1-QQ/IoXtw5ZgBPfJXwkRrfzOD8Rk=",
      "dev": true,
      "license": "ISC"
    },
    "node_modules/minimatch": {
      "version": "9.0.5",
      "resolved": "http://registry.m.jd.com/minimatch/download/minimatch-9.0.5.tgz",
      "integrity": "sha1-10+d1rV9g9jpjPuCEzsDl4vJKeU=",
      "dev": true,
      "license": "ISC",
      "dependencies": {
        "brace-expansion": "^2.0.1"
      },
      "engines": {
        "node": ">=16 || 14 >=14.17"
      },
      "funding": {
        "url": "https://github.com/sponsors/isaacs"
      }
    },
    "node_modules/minipass": {
      "version": "7.1.2",
      "resolved": "http://registry.m.jd.com/minipass/download/minipass-7.1.2.tgz",
      "integrity": "sha1-k6libOXl5mvU24aEnnUV6SNApwc=",
      "dev": true,
      "license": "ISC",
      "engines": {
        "node": ">=16 || 14 >=14.17"
      }
    },
    "node_modules/normalize-path": {
      "version": "3.0.0",
      "resolved": "http://registry.m.jd.com/normalize-path/download/normalize-path-3.0.0.tgz",
      "integrity": "sha1-Dc1p/yOhybEf0JeDFmRKA4ghamU=",
      "dev": true,
      "license": "MIT",
      "engines": {
        "node": ">=0.10.0"
      }
    },
    "node_modules/package-json-from-dist": {
      "version": "1.0.1",
      "resolved": "http://registry.m.jd.com/package-json-from-dist/download/package-json-from-dist-1.0.1.tgz",
      "integrity": "sha1-TxRxoBCCeob5TP2bByfjbSZ95QU=",
      "dev": true,
      "license": "BlueOak-1.0.0"
    },
    "node_modules/path-key": {
      "version": "3.1.1",
      "resolved": "http://registry.m.jd.com/path-key/download/path-key-3.1.1.tgz",
      "integrity": "sha1-WB9q3mWMu6ZaDTOA3ndTKVBU83U=",
      "dev": true,
      "license": "MIT",
      "engines": {
        "node": ">=8"
      }
    },
    "node_modules/path-scurry": {
      "version": "1.11.1",
      "resolved": "http://registry.m.jd.com/path-scurry/download/path-scurry-1.11.1.tgz",
      "integrity": "sha1-eWCmaIiFlKByCxKpEdGnQqufEdI=",
      "dev": true,
      "license": "BlueOak-1.0.0",
      "dependencies": {
        "lru-cache": "^10.2.0",
        "minipass": "^5.0.0 || ^6.0.2 || ^7.0.0"
      },
      "engines": {
        "node": ">=16 || 14 >=14.18"
      },
      "funding": {
        "url": "https://github.com/sponsors/isaacs"
      }
    },
    "node_modules/process": {
      "version": "0.11.10",
      "resolved": "http://registry.m.jd.com/process/download/process-0.11.10.tgz",
      "integrity": "sha1-czIwDoQBYb2j5podHZGn1LwW8YI=",
      "dev": true,
      "license": "MIT",
      "engines": {
        "node": ">= 0.6.0"
      }
    },
    "node_modules/process-nextick-args": {
      "version": "2.0.1",
      "resolved": "http://registry.m.jd.com/process-nextick-args/download/process-nextick-args-2.0.1.tgz",
      "integrity": "sha1-eCDZsWEgzFXKmud5JoCufbptf+I=",
      "dev": true,
      "license": "MIT"
    },
    "node_modules/readable-stream": {
      "version": "4.7.0",
      "resolved": "http://registry.m.jd.com/readable-stream/download/readable-stream-4.7.0.tgz",
      "integrity": "sha1-ztvYoRRsE9//jasUBoAo1YwVrJE=",
      "dev": true,
      "license": "MIT",
      "dependencies": {
        "abort-controller": "^3.0.0",
        "buffer": "^6.0.3",
        "events": "^3.3.0",
        "process": "^0.11.10",
        "string_decoder": "^1.3.0"
      },
      "engines": {
        "node": "^12.22.0 || ^14.17.0 || >=16.0.0"
      }
    },
    "node_modules/readdir-glob": {
      "version": "1.1.3",
      "resolved": "http://registry.m.jd.com/readdir-glob/download/readdir-glob-1.1.3.tgz",
      "integrity": "sha1-w9gx9R9ee/pi+i/75LUIxkDwlYQ=",
      "dev": true,
      "license": "Apache-2.0",
      "dependencies": {
        "minimatch": "^5.1.0"
      }
    },
    "node_modules/readdir-glob/node_modules/minimatch": {
      "version": "5.1.6",
      "resolved": "http://registry.m.jd.com/minimatch/download/minimatch-5.1.6.tgz",
      "integrity": "sha1-HPy4z1Ui6mmVLNKvla4JR38SKpY=",
      "dev": true,
      "license": "ISC",
      "dependencies": {
        "brace-expansion": "^2.0.1"
      },
      "engines": {
        "node": ">=10"
      }
    },
    "node_modules/safe-buffer": {
      "version": "5.2.1",
      "resolved": "http://registry.m.jd.com/safe-buffer/download/safe-buffer-5.2.1.tgz",
      "integrity": "sha1-Hq+fqb2x/dTsdfWPnNtOa3gn7sY=",
      "dev": true,
      "funding": [
        {
          "type": "github",
          "url": "https://github.com/sponsors/feross"
        },
        {
          "type": "patreon",
          "url": "https://www.patreon.com/feross"
        },
        {
          "type": "consulting",
          "url": "https://feross.org/support"
        }
      ],
      "license": "MIT"
    },
    "node_modules/semver": {
      "version": "7.7.4",
      "resolved": "http://registry.m.jd.com/semver/download/semver-7.7.4.tgz",
      "integrity": "sha1-KEZONgYOmR+noR0CedLT87V6foo=",
      "license": "ISC",
      "bin": {
        "semver": "bin/semver.js"
      },
      "engines": {
        "node": ">=10"
      }
    },
    "node_modules/sharp": {
      "version": "0.34.5",
      "resolved": "http://registry.m.jd.com/sharp/download/sharp-0.34.5.tgz",
      "integrity": "sha1-tvFI5LjGHxeXveEanRz+u64sV7A=",
      "hasInstallScript": true,
      "license": "Apache-2.0",
      "dependencies": {
        "@img/colour": "^1.0.0",
        "detect-libc": "^2.1.2",
        "semver": "^7.7.3"
      },
      "engines": {
        "node": "^18.17.0 || ^20.3.0 || >=21.0.0"
      },
      "funding": {
        "url": "https://opencollective.com/libvips"
      },
      "optionalDependencies": {
        "@img/sharp-darwin-arm64": "0.34.5",
        "@img/sharp-darwin-x64": "0.34.5",
        "@img/sharp-libvips-darwin-arm64": "1.2.4",
        "@img/sharp-libvips-darwin-x64": "1.2.4",
        "@img/sharp-libvips-linux-arm": "1.2.4",
        "@img/sharp-libvips-linux-arm64": "1.2.4",
        "@img/sharp-libvips-linux-ppc64": "1.2.4",
        "@img/sharp-libvips-linux-riscv64": "1.2.4",
        "@img/sharp-libvips-linux-s390x": "1.2.4",
        "@img/sharp-libvips-linux-x64": "1.2.4",
        "@img/sharp-libvips-linuxmusl-arm64": "1.2.4",
        "@img/sharp-libvips-linuxmusl-x64": "1.2.4",
        "@img/sharp-linux-arm": "0.34.5",
        "@img/sharp-linux-arm64": "0.34.5",
        "@img/sharp-linux-ppc64": "0.34.5",
        "@img/sharp-linux-riscv64": "0.34.5",
        "@img/sharp-linux-s390x": "0.34.5",
        "@img/sharp-linux-x64": "0.34.5",
        "@img/sharp-linuxmusl-arm64": "0.34.5",
        "@img/sharp-linuxmusl-x64": "0.34.5",
        "@img/sharp-wasm32": "0.34.5",
        "@img/sharp-win32-arm64": "0.34.5",
        "@img/sharp-win32-ia32": "0.34.5",
        "@img/sharp-win32-x64": "0.34.5"
      }
    },
    "node_modules/shebang-command": {
      "version": "2.0.0",
      "resolved": "http://registry.m.jd.com/shebang-command/download/shebang-command-2.0.0.tgz",
      "integrity": "sha1-zNCvT4g1+9wmW4JGGq8MNmY/NOo=",
      "dev": true,
      "license": "MIT",
      "dependencies": {
        "shebang-regex": "^3.0.0"
      },
      "engines": {
        "node": ">=8"
      }
    },
    "node_modules/shebang-regex": {
      "version": "3.0.0",
      "resolved": "http://registry.m.jd.com/shebang-regex/download/shebang-regex-3.0.0.tgz",
      "integrity": "sha1-rhbxZE2HPsrYQ7AwexQzYtTEIXI=",
      "dev": true,
      "license": "MIT",
      "engines": {
        "node": ">=8"
      }
    },
    "node_modules/signal-exit": {
      "version": "4.1.0",
      "resolved": "http://registry.m.jd.com/signal-exit/download/signal-exit-4.1.0.tgz",
      "integrity": "sha1-lSGIwcvVRgcOLdIND0HArgUwywQ=",
      "dev": true,
      "license": "ISC",
      "engines": {
        "node": ">=14"
      },
      "funding": {
        "url": "https://github.com/sponsors/isaacs"
      }
    },
    "node_modules/streamx": {
      "version": "2.23.0",
      "resolved": "http://registry.m.jd.com/streamx/download/streamx-2.23.0.tgz",
      "integrity": "sha1-fQ89ANSmxd5XKK7NZCK0AI1m/Qs=",
      "dev": true,
      "license": "MIT",
      "dependencies": {
        "events-universal": "^1.0.0",
        "fast-fifo": "^1.3.2",
        "text-decoder": "^1.1.0"
      }
    },
    "node_modules/string_decoder": {
      "version": "1.3.0",
      "resolved": "http://registry.m.jd.com/string_decoder/download/string_decoder-1.3.0.tgz",
      "integrity": "sha1-QvEUWUpGzxqOMLCoT1bHjD7awh4=",
      "dev": true,
      "license": "MIT",
      "dependencies": {
        "safe-buffer": "~5.2.0"
      }
    },
    "node_modules/string-width": {
      "version": "5.1.2",
      "resolved": "http://registry.m.jd.com/string-width/download/string-width-5.1.2.tgz",
      "integrity": "sha1-FPja7G2B5yIdKjV+Zoyrc728p5Q=",
      "dev": true,
      "license": "MIT",
      "dependencies": {
        "eastasianwidth": "^0.2.0",
        "emoji-regex": "^9.2.2",
        "strip-ansi": "^7.0.1"
      },
      "engines": {
        "node": ">=12"
      },
      "funding": {
        "url": "https://github.com/sponsors/sindresorhus"
      }
    },
    "node_modules/string-width-cjs": {
      "name": "string-width",
      "version": "4.2.3",
      "resolved": "http://registry.m.jd.com/string-width/download/string-width-4.2.3.tgz",
      "integrity": "sha1-JpxxF9J7Ba0uU2gwqOyJXvnG0BA=",
      "dev": true,
      "license": "MIT",
      "dependencies": {
        "emoji-regex": "^8.0.0",
        "is-fullwidth-code-point": "^3.0.0",
        "strip-ansi": "^6.0.1"
      },
      "engines": {
        "node": ">=8"
      }
    },
    "node_modules/string-width-cjs/node_modules/ansi-regex": {
      "version": "5.0.1",
      "resolved": "http://registry.m.jd.com/ansi-regex/download/ansi-regex-5.0.1.tgz",
      "integrity": "sha1-CCyyyJyf6GWaMRpTvWpNxTAdswQ=",
      "dev": true,
      "license": "MIT",
      "engines": {
        "node": ">=8"
      }
    },
    "node_modules/string-width-cjs/node_modules/emoji-regex": {
      "version": "8.0.0",
      "resolved": "http://registry.m.jd.com/emoji-regex/download/emoji-regex-8.0.0.tgz",
      "integrity": "sha1-6Bj9ac5cz8tARZT4QpY79TFkzDc=",
      "dev": true,
      "license": "MIT"
    },
    "node_modules/string-width-cjs/node_modules/strip-ansi": {
      "version": "6.0.1",
      "resolved": "http://registry.m.jd.com/strip-ansi/download/strip-ansi-6.0.1.tgz",
      "integrity": "sha1-nibGPTD1NEPpSJSVshBdN7Z6hdk=",
      "dev": true,
      "license": "MIT",
      "dependencies": {
        "ansi-regex": "^5.0.1"
      },
      "engines": {
        "node": ">=8"
      }
    },
    "node_modules/strip-ansi": {
      "version": "7.1.2",
      "resolved": "http://registry.m.jd.com/strip-ansi/download/strip-ansi-7.1.2.tgz",
      "integrity": "sha1-Eyh1q95njH6o1pFTPy5+Irt0Tbo=",
      "dev": true,
      "license": "MIT",
      "dependencies": {
        "ansi-regex": "^6.0.1"
      },
      "engines": {
        "node": ">=12"
      },
      "funding": {
        "url": "https://github.com/chalk/strip-ansi?sponsor=1"
      }
    },
    "node_modules/strip-ansi-cjs": {
      "name": "strip-ansi",
      "version": "6.0.1",
      "resolved": "http://registry.m.jd.com/strip-ansi/download/strip-ansi-6.0.1.tgz",
      "integrity": "sha1-nibGPTD1NEPpSJSVshBdN7Z6hdk=",
      "dev": true,
      "license": "MIT",
      "dependencies": {
        "ansi-regex": "^5.0.1"
      },
      "engines": {
        "node": ">=8"
      }
    },
    "node_modules/strip-ansi-cjs/node_modules/ansi-regex": {
      "version": "5.0.1",
      "resolved": "http://registry.m.jd.com/ansi-regex/download/ansi-regex-5.0.1.tgz",
      "integrity": "sha1-CCyyyJyf6GWaMRpTvWpNxTAdswQ=",
      "dev": true,
      "license": "MIT",
      "engines": {
        "node": ">=8"
      }
    },
    "node_modules/tar-stream": {
      "version": "3.1.7",
      "resolved": "http://registry.m.jd.com/tar-stream/download/tar-stream-3.1.7.tgz",
      "integrity": "sha1-JLP7XqutoZ/nM47W0m5ffEgueSs=",
      "dev": true,
      "license": "MIT",
      "dependencies": {
        "b4a": "^1.6.4",
        "fast-fifo": "^1.2.0",
        "streamx": "^2.15.0"
      }
    },
    "node_modules/text-decoder": {
      "version": "1.2.3",
      "resolved": "http://registry.m.jd.com/text-decoder/download/text-decoder-1.2.3.tgz",
      "integrity": "sha1-sZ2jZNmBsjJtX0MJnDEMyA13DGU=",
      "dev": true,
      "license": "Apache-2.0",
      "dependencies": {
        "b4a": "^1.6.4"
      }
    },
    "node_modules/tslib": {
      "version": "2.8.1",
      "resolved": "http://registry.m.jd.com/tslib/download/tslib-2.8.1.tgz",
      "integrity": "sha1-YS7+TtI11Wfoq6Xypfq3AoCt6D8=",
      "license": "0BSD",
      "optional": true
    },
    "node_modules/util-deprecate": {
      "version": "1.0.2",
      "resolved": "http://registry.m.jd.com/util-deprecate/download/util-deprecate-1.0.2.tgz",
      "integrity": "sha1-RQ1Nyfpw3nMnYvvS1KKJgUGaDM8=",
      "dev": true,
      "license": "MIT"
    },
    "node_modules/which": {
      "version": "2.0.2",
      "resolved": "http://registry.m.jd.com/which/download/which-2.0.2.tgz",
      "integrity": "sha1-fGqN0KY2oDJ+ELWckobu6T8/UbE=",
      "dev": true,
      "license": "ISC",
      "dependencies": {
        "isexe": "^2.0.0"
      },
      "bin": {
        "node-which": "bin/node-which"
      },
      "engines": {
        "node": ">= 8"
      }
    },
    "node_modules/wrap-ansi": {
      "version": "8.1.0",
      "resolved": "http://registry.m.jd.com/wrap-ansi/download/wrap-ansi-8.1.0.tgz",
      "integrity": "sha1-VtwiNo7lcPrOG0mBmXXZuaXq0hQ=",
      "dev": true,
      "license": "MIT",
      "dependencies": {
        "ansi-styles": "^6.1.0",
        "string-width": "^5.0.1",
        "strip-ansi": "^7.0.1"
      },
      "engines": {
        "node": ">=12"
      },
      "funding": {
        "url": "https://github.com/chalk/wrap-ansi?sponsor=1"
      }
    },
    "node_modules/wrap-ansi-cjs": {
      "name": "wrap-ansi",
      "version": "7.0.0",
      "resolved": "http://registry.m.jd.com/wrap-ansi/download/wrap-ansi-7.0.0.tgz",
      "integrity": "sha1-Z+FFz/UQpqaYS98RUpEdadLrnkM=",
      "dev": true,
      "license": "MIT",
      "dependencies": {
        "ansi-styles": "^4.0.0",
        "string-width": "^4.1.0",
        "strip-ansi": "^6.0.0"
      },
      "engines": {
        "node": ">=10"
      },
      "funding": {
        "url": "https://github.com/chalk/wrap-ansi?sponsor=1"
      }
    },
    "node_modules/wrap-ansi-cjs/node_modules/ansi-regex": {
      "version": "5.0.1",
      "resolved": "http://registry.m.jd.com/ansi-regex/download/ansi-regex-5.0.1.tgz",
      "integrity": "sha1-CCyyyJyf6GWaMRpTvWpNxTAdswQ=",
      "dev": true,
      "license": "MIT",
      "engines": {
        "node": ">=8"
      }
    },
    "node_modules/wrap-ansi-cjs/node_modules/ansi-styles": {
      "version": "4.3.0",
      "resolved": "http://registry.m.jd.com/ansi-styles/download/ansi-styles-4.3.0.tgz",
      "integrity": "sha1-7dgDYornHATIWuegkG7a00tkiTc=",
      "dev": true,
      "license": "MIT",
      "dependencies": {
        "color-convert": "^2.0.1"
      },
      "engines": {
        "node": ">=8"
      },
      "funding": {
        "url": "https://github.com/chalk/ansi-styles?sponsor=1"
      }
    },
    "node_modules/wrap-ansi-cjs/node_modules/emoji-regex": {
      "version": "8.0.0",
      "resolved": "http://registry.m.jd.com/emoji-regex/download/emoji-regex-8.0.0.tgz",
      "integrity": "sha1-6Bj9ac5cz8tARZT4QpY79TFkzDc=",
      "dev": true,
      "license": "MIT"
    },
    "node_modules/wrap-ansi-cjs/node_modules/string-width": {
      "version": "4.2.3",
      "resolved": "http://registry.m.jd.com/string-width/download/string-width-4.2.3.tgz",
      "integrity": "sha1-JpxxF9J7Ba0uU2gwqOyJXvnG0BA=",
      "dev": true,
      "license": "MIT",
      "dependencies": {
        "emoji-regex": "^8.0.0",
        "is-fullwidth-code-point": "^3.0.0",
        "strip-ansi": "^6.0.1"
      },
      "engines": {
        "node": ">=8"
      }
    },
    "node_modules/wrap-ansi-cjs/node_modules/strip-ansi": {
      "version": "6.0.1",
      "resolved": "http://registry.m.jd.com/strip-ansi/download/strip-ansi-6.0.1.tgz",
      "integrity": "sha1-nibGPTD1NEPpSJSVshBdN7Z6hdk=",
      "dev": true,
      "license": "MIT",
      "dependencies": {
        "ansi-regex": "^5.0.1"
      },
      "engines": {
        "node": ">=8"
      }
    },
    "node_modules/zip-stream": {
      "version": "6.0.1",
      "resolved": "http://registry.m.jd.com/zip-stream/download/zip-stream-6.0.1.tgz",
      "integrity": "sha1-4UG5MO1gzK9df6nIJg4NF0iiu/s=",
      "dev": true,
      "license": "MIT",
      "dependencies": {
        "archiver-utils": "^5.0.0",
        "compress-commons": "^6.0.2",
        "readable-stream": "^4.0.0"
      },
      "engines": {
        "node": ">= 14"
      }
    }
  }
}
